// !$*UTF8*$!
{
	archiveVersion = 1;
	classes = {
	};
	objectVersion = 46;
	objects = {

/* Begin PBXBuildFile section */
		B59288901C011986002238D1 /* AppDelegate.swift in Sources */ = {isa = PBXBuildFile; fileRef = B592888F1C011986002238D1 /* AppDelegate.swift */; };
		B59288921C011986002238D1 /* ViewController.swift in Sources */ = {isa = PBXBuildFile; fileRef = B59288911C011986002238D1 /* ViewController.swift */; };
		B59288951C011986002238D1 /* Main.storyboard in Resources */ = {isa = PBXBuildFile; fileRef = B59288931C011986002238D1 /* Main.storyboard */; };
		B59288971C011986002238D1 /* Assets.xcassets in Resources */ = {isa = PBXBuildFile; fileRef = B59288961C011986002238D1 /* Assets.xcassets */; };
		B592889A1C011986002238D1 /* LaunchScreen.storyboard in Resources */ = {isa = PBXBuildFile; fileRef = B59288981C011986002238D1 /* LaunchScreen.storyboard */; };
/* End PBXBuildFile section */

/* Begin PBXFileReference section */
		B592888C1C011986002238D1 /* LocationGame.app */ = {isa = PBXFileReference; explicitFileType = wrapper.application; includeInIndex = 0; path = LocationGame.app; sourceTree = BUILT_PRODUCTS_DIR; };
		B592888F1C011986002238D1 /* AppDelegate.swift */ = {isa = PBXFileReference; lastKnownFileType = sourcecode.swift; path = AppDelegate.swift; sourceTree = "<group>"; };
		B59288911C011986002238D1 /* ViewController.swift */ = {isa = PBXFileReference; lastKnownFileType = sourcecode.swift; path = ViewController.swift; sourceTree = "<group>"; };
		B59288941C011986002238D1 /* Base */ = {isa = PBXFileReference; lastKnownFileType = file.storyboard; name = Base; path = Base.lproj/Main.storyboard; sourceTree = "<group>"; };
		B59288961C011986002238D1 /* Assets.xcassets */ = {isa = PBXFileReference; lastKnownFileType = folder.assetcatalog; path = Assets.xcassets; sourceTree = "<group>"; };
		B59288991C011986002238D1 /* Base */ = {isa = PBXFileReference; lastKnownFileType = file.storyboard; name = Base; path = Base.lproj/LaunchScreen.storyboard; sourceTree = "<group>"; };
		B592889B1C011986002238D1 /* Info.plist */ = {isa = PBXFileReference; lastKnownFileType = text.plist.xml; path = Info.plist; sourceTree = "<group>"; };
/* End PBXFileReference section */

/* Begin PBXFrameworksBuildPhase section */
		B59288891C011986002238D1 /* Frameworks */ = {
			isa = PBXFrameworksBuildPhase;
			buildActionMask = 2147483647;
			files = (
			);
			runOnlyForDeploymentPostprocessing = 0;
		};
/* End PBXFrameworksBuildPhase section */

/* Begin PBXGroup section */
		B59288831C011986002238D1 = {
			isa = PBXGroup;
			children = (
				B592888E1C011986002238D1 /* LocationGame */,
				B592888D1C011986002238D1 /* Products */,
			);
			sourceTree = "<group>";
		};
		B592888D1C011986002238D1 /* Products */ = {
			isa = PBXGroup;
			children = (
				B592888C1C011986002238D1 /* LocationGame.app */,
			);
			name = Products;
			sourceTree = "<group>";
		};
		B592888E1C011986002238D1 /* LocationGame */ = {
			isa = PBXGroup;
			children = (
				B592888F1C011986002238D1 /* AppDelegate.swift */,
				B59288911C011986002238D1 /* ViewController.swift */,
				B59288931C011986002238D1 /* Main.storyboard */,
				B59288961C011986002238D1 /* Assets.xcassets */,
				B59288981C011986002238D1 /* LaunchScreen.storyboard */,
				B592889B1C011986002238D1 /* Info.plist */,
			);
			path = LocationGame;
			sourceTree = "<group>";
		};
/* End PBXGroup section */

/* Begin PBXNativeTarget section */
		B592888B1C011986002238D1 /* LocationGame */ = {
			isa = PBXNativeTarget;
			buildConfigurationList = B592889E1C011986002238D1 /* Build configuration list for PBXNativeTarget "LocationGame" */;
			buildPhases = (
				B59288881C011986002238D1 /* Sources */,
				B59288891C011986002238D1 /* Frameworks */,
				B592888A1C011986002238D1 /* Resources */,
			);
			buildRules = (
			);
			dependencies = (
			);
			name = LocationGame;
			productName = LocationGame;
			productReference = B592888C1C011986002238D1 /* LocationGame.app */;
			productType = "com.apple.product-type.application";
		};
/* End PBXNativeTarget section */

/* Begin PBXProject section */
		B59288841C011986002238D1 /* Project object */ = {
			isa = PBXProject;
			attributes = {
				LastSwiftUpdateCheck = 0710;
				LastUpgradeCheck = 0710;
				ORGANIZATIONNAME = DinoJerks;
				TargetAttributes = {
					B592888B1C011986002238D1 = {
						CreatedOnToolsVersion = 7.1.1;
					};
				};
			};
			buildConfigurationList = B59288871C011986002238D1 /* Build configuration list for PBXProject "LocationGame" */;
			compatibilityVersion = "Xcode 3.2";
			developmentRegion = English;
			hasScannedForEncodings = 0;
			knownRegions = (
				en,
				Base,
			);
			mainGroup = B59288831C011986002238D1;
			productRefGroup = B592888D1C011986002238D1 /* Products */;
			projectDirPath = "";
			projectRoot = "";
			targets = (
				B592888B1C011986002238D1 /* LocationGame */,
			);
		};
/* End PBXProject section */

/* Begin PBXResourcesBuildPhase section */
		B592888A1C011986002238D1 /* Resources */ = {
			isa = PBXResourcesBuildPhase;
			buildActionMask = 2147483647;
			files = (
				B592889A1C011986002238D1 /* LaunchScreen.storyboard in Resources */,
				B59288971C011986002238D1 /* Assets.xcassets in Resources */,
				B59288951C011986002238D1 /* Main.storyboard in Resources */,
			);
			runOnlyForDeploymentPostprocessing = 0;
		};
/* End PBXResourcesBuildPhase section */

/* Begin PBXSourcesBuildPhase section */
		B59288881C011986002238D1 /* Sources */ = {
			isa = PBXSourcesBuildPhase;
			buildActionMask = 2147483647;
			files = (
				B59288921C011986002238D1 /* ViewController.swift in Sources */,
				B59288901C011986002238D1 /* AppDelegate.swift in Sources */,
			);
			runOnlyForDeploymentPostprocessing = 0;
		};
/* End PBXSourcesBuildPhase section */

/* Begin PBXVariantGroup section */
		B59288931C011986002238D1 /* Main.storyboard */ = {
			isa = PBXVariantGroup;
			children = (
				B59288941C011986002238D1 /* Base */,
			);
			name = Main.storyboard;
			sourceTree = "<group>";
		};
		B59288981C011986002238D1 /* LaunchScreen.storyboard */ = {
			isa = PBXVariantGroup;
			children = (
				B59288991C011986002238D1 /* Base */,
			);
			name = LaunchScreen.storyboard;
			sourceTree = "<group>";
		};
/* End PBXVariantGroup section */

/* Begin XCBuildConfiguration section */
		B592889C1C011986002238D1 /* Debug */ = {
			isa = XCBuildConfiguration;
			buildSettings = {
				ALWAYS_SEARCH_USER_PATHS = NO;
				CLANG_CXX_LANGUAGE_STANDARD = "gnu++0x";
				CLANG_CXX_LIBRARY = "libc++";
				CLANG_ENABLE_MODULES = YES;
				CLANG_ENABLE_OBJC_ARC = YES;
				CLANG_WARN_BOOL_CONVERSION = YES;
				CLANG_WARN_CONSTANT_CONVERSION = YES;
				CLANG_WARN_DIRECT_OBJC_ISA_USAGE = YES_ERROR;
				CLANG_WARN_EMPTY_BODY = YES;
				CLANG_WARN_ENUM_CONVERSION = YES;
				CLANG_WARN_INT_CONVERSION = YES;
				CLANG_WARN_OBJC_ROOT_CLASS = YES_ERROR;
				CLANG_WARN_UNREACHABLE_CODE = YES;
				CLANG_WARN__DUPLICATE_METHOD_MATCH = YES;
				"CODE_SIGN_IDENTITY[sdk=iphoneos*]" = "iPhone Developer";
				COPY_PHASE_STRIP = NO;
				DEBUG_INFORMATION_FORMAT = dwarf;
				ENABLE_STRICT_OBJC_MSGSEND = YES;
				ENABLE_TESTABILITY = YES;
				GCC_C_LANGUAGE_STANDARD = gnu99;
				GCC_DYNAMIC_NO_PIC = NO;
				GCC_NO_COMMON_BLOCKS = YES;
				GCC_OPTIMIZATION_LEVEL = 0;
				GCC_PREPROCESSOR_DEFINITIONS = (
					"DEBUG=1",
					"$(inherited)",
				);
				GCC_WARN_64_TO_32_BIT_CONVERSION = YES;
				GCC_WARN_ABOUT_RETURN_TYPE = YES_ERROR;
				GCC_WARN_UNDECLARED_SELECTOR = YES;
				GCC_WARN_UNINITIALIZED_AUTOS = YES_AGGRESSIVE;
				GCC_WARN_UNUSED_FUNCTION = YES;
				GCC_WARN_UNUSED_VARIABLE = YES;
				IPHONEOS_DEPLOYMENT_TARGET = 9.1;
				MTL_ENABLE_DEBUG_INFO = YES;
				ONLY_ACTIVE_ARCH = YES;
				SDKROOT = iphoneos;
				SWIFT_OPTIMIZATION_LEVEL = "-Onone";
				TARGETED_DEVICE_FAMILY = "1,2";
			};
			name = Debug;
		};
		B592889D1C011986002238D1 /* Release */ = {
			isa = XCBuildConfiguration;
			buildSettings = {
				ALWAYS_SEARCH_USER_PATHS = NO;
				CLANG_CXX_LANGUAGE_STANDARD = "gnu++0x";
				CLANG_CXX_LIBRARY = "libc++";
				CLANG_ENABLE_MODULES = YES;
				CLANG_ENABLE_OBJC_ARC = YES;
				CLANG_WARN_BOOL_CONVERSION = YES;
				CLANG_WARN_CONSTANT_CONVERSION = YES;
				CLANG_WARN_DIRECT_OBJC_ISA_USAGE = YES_ERROR;
				CLANG_WARN_EMPTY_BODY = YES;
				CLANG_WARN_ENUM_CONVERSION = YES;
				CLANG_WARN_INT_CONVERSION = YES;
				CLANG_WARN_OBJC_ROOT_CLASS = YES_ERROR;
				CLANG_WARN_UNREACHABLE_CODE = YES;
				CLANG_WARN__DUPLICATE_METHOD_MATCH = YES;
				"CODE_SIGN_IDENTITY[sdk=iphoneos*]" = "iPhone Developer";
				COPY_PHASE_STRIP = NO;
				DEBUG_INFORMATION_FORMAT = "dwarf-with-dsym";
				ENABLE_NS_ASSERTIONS = NO;
				ENABLE_STRICT_OBJC_MSGSEND = YES;
				GCC_C_LANGUAGE_STANDARD = gnu99;
				GCC_NO_COMMON_BLOCKS = YES;
				GCC_WARN_64_TO_32_BIT_CONVERSION = YES;
				GCC_WARN_ABOUT_RETURN_TYPE = YES_ERROR;
				GCC_WARN_UNDECLARED_SELECTOR = YES;
				GCC_WARN_UNINITIALIZED_AUTOS = YES_AGGRESSIVE;
				GCC_WARN_UNUSED_FUNCTION = YES;
				GCC_WARN_UNUSED_VARIABLE = YES;
				IPHONEOS_DEPLOYMENT_TARGET = 9.1;
				MTL_ENABLE_DEBUG_INFO = NO;
				SDKROOT = iphoneos;
				TARGETED_DEVICE_FAMILY = "1,2";
				VALIDATE_PRODUCT = YES;
			};
			name = Release;
		};
		B592889F1C011986002238D1 /* Debug */ = {
			isa = XCBuildConfiguration;
			buildSettings = {
				ASSETCATALOG_COMPILER_APPICON_NAME = AppIcon;
				INFOPLIST_FILE = LocationGame/Info.plist;
				LD_RUNPATH_SEARCH_PATHS = "$(inherited) @executable_path/Frameworks";
				PRODUCT_BUNDLE_IDENTIFIER = com.dinojerks.LocationGame;
				PRODUCT_NAME = "$(TARGET_NAME)";
			};
			name = Debug;
		};
		B59288A01C011986002238D1 /* Release */ = {
			isa = XCBuildConfiguration;
			buildSettings = {
				ASSETCATALOG_COMPILER_APPICON_NAME = AppIcon;
				INFOPLIST_FILE = LocationGame/Info.plist;
				LD_RUNPATH_SEARCH_PATHS = "$(inherited) @executable_path/Frameworks";
				PRODUCT_BUNDLE_IDENTIFIER = com.dinojerks.LocationGame;
				PRODUCT_NAME = "$(TARGET_NAME)";
			};
			name = Release;
		};
/* End XCBuildConfiguration section */

/* Begin XCConfigurationList section */
		B59288871C011986002238D1 /* Build configuration list for PBXProject "LocationGame" */ = {
			isa = XCConfigurationList;
			buildConfigurations = (
				B592889C1C011986002238D1 /* Debug */,
				B592889D1C011986002238D1 /* Release */,
			);
			defaultConfigurationIsVisible = 0;
			defaultConfigurationName = Release;
		};
		B592889E1C011986002238D1 /* Build configuration list for PBXNativeTarget "LocationGame" */ = {
			isa = XCConfigurationList;
			buildConfigurations = (
				B592889F1C011986002238D1 /* Debug */,
				B59288A01C011986002238D1 /* Release */,
			);
			defaultConfigurationIsVisible = 0;
		};
/* End XCConfigurationList section */
	};
	rootObject = B59288841C011986002238D1 /* Project object */;
}
